
Microsoft Visual Studio Solution File, Format Version 12.00
# Visual Studio Version 17
VisualStudioVersion = 17.0.32112.339
MinimumVisualStudioVersion = 10.0.40219.1
Project("{9A19103F-16F7-4668-BE54-9A1E7A4F7556}") = "SudokuSolver", "SudokuSolver\SudokuSolver.csproj", "{A1BB1D0C-AD2D-431F-A0EB-90BF2A220EB5}"
EndProject
Project("{9A19103F-16F7-4668-BE54-9A1E7A4F7556}") = "Application", "Application\Application.csproj", "{7E86C9CD-B768-4033-84F3-19C04C87C6C5}"
EndProject
Project("{FAE04EC0-301F-11D3-BF4B-00C04F79EFBC}") = "ConsoleUserInterface", "ConsoleUserInterface\ConsoleUserInterface.csproj", "{D765DFED-1A10-4532-A754-736ABE271B68}"
EndProject
Global
	GlobalSection(SolutionConfigurationPlatforms) = preSolution
		Debug|Any CPU = Debug|Any CPU
		Release|Any CPU = Release|Any CPU
	EndGlobalSection
	GlobalSection(ProjectConfigurationPlatforms) = postSolution
		{A1BB1D0C-AD2D-431F-A0EB-90BF2A220EB5}.Debug|Any CPU.ActiveCfg = Debug|Any CPU
		{A1BB1D0C-AD2D-431F-A0EB-90BF2A220EB5}.Debug|Any CPU.Build.0 = Debug|Any CPU
		{A1BB1D0C-AD2D-431F-A0EB-90BF2A220EB5}.Release|Any CPU.ActiveCfg = Release|Any CPU
		{A1BB1D0C-AD2D-431F-A0EB-90BF2A220EB5}.Release|Any CPU.Build.0 = Release|Any CPU
		{7E86C9CD-B768-4033-84F3-19C04C87C6C5}.Debug|Any CPU.ActiveCfg = Debug|Any CPU
		{7E86C9CD-B768-4033-84F3-19C04C87C6C5}.Debug|Any CPU.Build.0 = Debug|Any CPU
		{7E86C9CD-B768-4033-84F3-19C04C87C6C5}.Release|Any CPU.ActiveCfg = Release|Any CPU
		{7E86C9CD-B768-4033-84F3-19C04C87C6C5}.Release|Any CPU.Build.0 = Release|Any CPU
		{D765DFED-1A10-4532-A754-736ABE271B68}.Debug|Any CPU.ActiveCfg = Debug|Any CPU
		{D765DFED-1A10-4532-A754-736ABE271B68}.Debug|Any CPU.Build.0 = Debug|Any CPU
		{D765DFED-1A10-4532-A754-736ABE271B68}.Release|Any CPU.ActiveCfg = Release|Any CPU
		{D765DFED-1A10-4532-A754-736ABE271B68}.Release|Any CPU.Build.0 = Release|Any CPU
	EndGlobalSection
	GlobalSection(SolutionProperties) = preSolution
		HideSolutionNode = FALSE
	EndGlobalSection
	GlobalSection(ExtensibilityGlobals) = postSolution
		SolutionGuid = {9CDB7FF5-0849-43A4-80AF-3295758C0940}
	EndGlobalSection
EndGlobal
